<?xml version="1.0" encoding="UTF-8" standalone="yes" ?>
<CodeBlocks_project_file>
	<FileVersion major="1" minor="6" />
	<Project>
		<Option title="Alexs-Salt-Tool" />
		<Option pch_mode="2" />
		<Option compiler="gcc" />
		<Build>
			<Target title="Debug">
				<Option output="bin/Debug/Alexs-Salt-Tool" prefix_auto="1" extension_auto="1" />
				<Option object_output="obj/Debug/" />
				<Option type="1" />
				<Option compiler="gcc" />
				<Compiler>
					<Add option="-g" />
					<Add directory="include" />
				</Compiler>
			</Target>
			<Target title="Release">
				<Option output="bin/Release/Alexs-Salt-Tool" prefix_auto="1" extension_auto="1" />
				<Option object_output="obj/Release/" />
				<Option type="1" />
				<Option compiler="gcc" />
				<Compiler>
					<Add option="-O2" />
					<Add directory="include" />
				</Compiler>
				<Linker>
					<Add option="-s" />
				</Linker>
			</Target>
		</Build>
		<Compiler>
			<Add option="-Wall" />
			<Add option="-fexceptions" />
		</Compiler>
		<Unit filename="include/Execution.h" />
		<Unit filename="include/Files.h" />
		<Unit filename="include/Input.h" />
		<Unit filename="include/Math.h" />
		<Unit filename="include/Options.h" />
		<Unit filename="include/Out.h" />
		<Unit filename="include/Salt.h" />
		<Unit filename="include/Testing.h" />
		<Unit filename="main.cpp" />
		<Unit filename="src/Options.cpp" />
		<Unit filename="src/Salt.cpp" />
		<Unit filename="src/test-env/Testing.cpp" />
		<Unit filename="src/utils/Execution.cpp" />
		<Unit filename="src/utils/Files.cpp" />
		<Unit filename="src/utils/Input.cpp" />
		<Unit filename="src/utils/Math.cpp" />
		<Unit filename="src/utils/Out.cpp" />
		<Extensions />
	</Project>
</CodeBlocks_project_file>
